// !$*UTF8*$!
{
	archiveVersion = 1;
	classes = {
	};
	objectVersion = 46;
	objects = {

/* Begin PBXBuildFile section */
		4E054FA81ED4E8CB0010A812 /* Errors.swift in Sources */ = {isa = PBXBuildFile; fileRef = 4E054FA71ED4E8CB0010A812 /* Errors.swift */; };
		4E6510CB1ED6BBD000A41F62 /* Register.swift in Sources */ = {isa = PBXBuildFile; fileRef = 4E6510CA1ED6BBD000A41F62 /* Register.swift */; };
		4E80A3911ED5CC97002EBD85 /* connectionDB.swift in Sources */ = {isa = PBXBuildFile; fileRef = 4E80A3901ED5CC97002EBD85 /* connectionDB.swift */; };
		6F0CD0FB1EA65B7D00933263 /* AppDelegate.swift in Sources */ = {isa = PBXBuildFile; fileRef = 6F0CD0FA1EA65B7D00933263 /* AppDelegate.swift */; };
		6F0CD0FD1EA65B7D00933263 /* ViewController.swift in Sources */ = {isa = PBXBuildFile; fileRef = 6F0CD0FC1EA65B7D00933263 /* ViewController.swift */; };
		6F0CD1001EA65B7D00933263 /* Main.storyboard in Resources */ = {isa = PBXBuildFile; fileRef = 6F0CD0FE1EA65B7D00933263 /* Main.storyboard */; };
		6F0CD1021EA65B7D00933263 /* Assets.xcassets in Resources */ = {isa = PBXBuildFile; fileRef = 6F0CD1011EA65B7D00933263 /* Assets.xcassets */; };
		6F0CD1051EA65B7D00933263 /* LaunchScreen.storyboard in Resources */ = {isa = PBXBuildFile; fileRef = 6F0CD1031EA65B7D00933263 /* LaunchScreen.storyboard */; };
		6F0CD1101EA65B7D00933263 /* MyGarageAppTests.swift in Sources */ = {isa = PBXBuildFile; fileRef = 6F0CD10F1EA65B7D00933263 /* MyGarageAppTests.swift */; };
		6F8AA40C1F0B89FD00E999A0 /* StatusManager.swift in Sources */ = {isa = PBXBuildFile; fileRef = 6F8AA40B1F0B89FD00E999A0 /* StatusManager.swift */; };
		6FA0D1DC1ED46C2100B62F4C /* Autentication.swift in Sources */ = {isa = PBXBuildFile; fileRef = 6FA0D1DB1ED46C2100B62F4C /* Autentication.swift */; };
		6FE8EF751F02A01D009A5699 /* ListOfCarsController.swift in Sources */ = {isa = PBXBuildFile; fileRef = 6FE8EF741F02A01D009A5699 /* ListOfCarsController.swift */; };
		6FE8EF791F02B252009A5699 /* AutoViewCell.swift in Sources */ = {isa = PBXBuildFile; fileRef = 6FE8EF781F02B252009A5699 /* AutoViewCell.swift */; };
		84258F281F8CE7D8002D1CAC /* Extension.swift in Sources */ = {isa = PBXBuildFile; fileRef = 84258F271F8CE7D8002D1CAC /* Extension.swift */; };
		844445571FB07B240055851C /* WebKitViewController.swift in Sources */ = {isa = PBXBuildFile; fileRef = 844445561FB07B240055851C /* WebKitViewController.swift */; };
		84466A741F7965E700D4CCD3 /* AddVehicle.swift in Sources */ = {isa = PBXBuildFile; fileRef = 84466A731F7965E700D4CCD3 /* AddVehicle.swift */; };
		845045BF1F89AA36004602A7 /* MapView.swift in Sources */ = {isa = PBXBuildFile; fileRef = 845045BE1F89AA36004602A7 /* MapView.swift */; };
		8451B3DC1F73257F00783BF5 /* openDataSoftDB.swift in Sources */ = {isa = PBXBuildFile; fileRef = 8451B3DB1F73257F00783BF5 /* openDataSoftDB.swift */; };
		8468A5B21FAF39460033E4D9 /* PopUpViewController.swift in Sources */ = {isa = PBXBuildFile; fileRef = 8468A5B11FAF39460033E4D9 /* PopUpViewController.swift */; };
		8468A5BC1FAF6D050033E4D9 /* Realm.framework in Frameworks */ = {isa = PBXBuildFile; fileRef = 8468A5BA1FAF6D040033E4D9 /* Realm.framework */; };
		8468A5BD1FAF6D050033E4D9 /* Realm.framework in Embed Frameworks */ = {isa = PBXBuildFile; fileRef = 8468A5BA1FAF6D040033E4D9 /* Realm.framework */; settings = {ATTRIBUTES = (CodeSignOnCopy, RemoveHeadersOnCopy, ); }; };
		8468A5BE1FAF6D050033E4D9 /* RealmSwift.framework in Frameworks */ = {isa = PBXBuildFile; fileRef = 8468A5BB1FAF6D050033E4D9 /* RealmSwift.framework */; };
		8468A5BF1FAF6D050033E4D9 /* RealmSwift.framework in Embed Frameworks */ = {isa = PBXBuildFile; fileRef = 8468A5BB1FAF6D050033E4D9 /* RealmSwift.framework */; settings = {ATTRIBUTES = (CodeSignOnCopy, RemoveHeadersOnCopy, ); }; };
		847002A51F8A2C9900CCC903 /* MapKit.framework in Frameworks */ = {isa = PBXBuildFile; fileRef = 847002A41F8A2C9900CCC903 /* MapKit.framework */; };
		847D6B8A1FAF851E0045373E /* RealmTaskAutoTableVC.swift in Sources */ = {isa = PBXBuildFile; fileRef = 847D6B891FAF851E0045373E /* RealmTaskAutoTableVC.swift */; };
		84A89B0F1F8EDE8000622D30 /* FirstViewOfSideMenuController.swift in Sources */ = {isa = PBXBuildFile; fileRef = 84A89B0E1F8EDE8000622D30 /* FirstViewOfSideMenuController.swift */; };
		84A89B111F8EDE9800622D30 /* SecondViewOfSideMenuController.swift in Sources */ = {isa = PBXBuildFile; fileRef = 84A89B101F8EDE9800622D30 /* SecondViewOfSideMenuController.swift */; };
		84A89B131F8EDEAB00622D30 /* ENSideMenu.swift in Sources */ = {isa = PBXBuildFile; fileRef = 84A89B121F8EDEAB00622D30 /* ENSideMenu.swift */; };
		84A89B151F8EDEC300622D30 /* ENSideMenuViewController.swift in Sources */ = {isa = PBXBuildFile; fileRef = 84A89B141F8EDEC300622D30 /* ENSideMenuViewController.swift */; };
		84A89B171F8EDEDF00622D30 /* MyMenuTableController.swift in Sources */ = {isa = PBXBuildFile; fileRef = 84A89B161F8EDEDF00622D30 /* MyMenuTableController.swift */; };
		84A89B191F8EDEF200622D30 /* MyNavigationController.swift in Sources */ = {isa = PBXBuildFile; fileRef = 84A89B181F8EDEF200622D30 /* MyNavigationController.swift */; };
		84BB3FDD1F75386300BE712D /* AllVehicles.swift in Sources */ = {isa = PBXBuildFile; fileRef = 84BB3FDC1F75386300BE712D /* AllVehicles.swift */; };
		84C0B40D1F8B831700DA019B /* ImageCropperViewController.swift in Sources */ = {isa = PBXBuildFile; fileRef = 84C0B40C1F8B831700DA019B /* ImageCropperViewController.swift */; };
		84CE9AEC1FB11E4700E13EFF /* CustomNavigationAnimationController.swift in Sources */ = {isa = PBXBuildFile; fileRef = 84CE9AEB1FB11E4700E13EFF /* CustomNavigationAnimationController.swift */; };
		84CE9AEE1FB12BD000E13EFF /* CustomDismissAnimationController.swift in Sources */ = {isa = PBXBuildFile; fileRef = 84CE9AED1FB12BD000E13EFF /* CustomDismissAnimationController.swift */; };
		84ECB4F51F957452003495C3 /* Auto.swift in Sources */ = {isa = PBXBuildFile; fileRef = 84ECB4F41F957452003495C3 /* Auto.swift */; };
/* End PBXBuildFile section */

/* Begin PBXContainerItemProxy section */
		6F0CD10C1EA65B7D00933263 /* PBXContainerItemProxy */ = {
			isa = PBXContainerItemProxy;
			containerPortal = 6F0CD0EF1EA65B7D00933263 /* Project object */;
			proxyType = 1;
			remoteGlobalIDString = 6F0CD0F61EA65B7D00933263;
			remoteInfo = MyGarageApp;
		};
/* End PBXContainerItemProxy section */

/* Begin PBXCopyFilesBuildPhase section */
		8468A5C01FAF6D050033E4D9 /* Embed Frameworks */ = {
			isa = PBXCopyFilesBuildPhase;
			buildActionMask = 2147483647;
			dstPath = "";
			dstSubfolderSpec = 10;
			files = (
				8468A5BF1FAF6D050033E4D9 /* RealmSwift.framework in Embed Frameworks */,
				8468A5BD1FAF6D050033E4D9 /* Realm.framework in Embed Frameworks */,
			);
			name = "Embed Frameworks";
			runOnlyForDeploymentPostprocessing = 0;
		};
/* End PBXCopyFilesBuildPhase section */

/* Begin PBXFileReference section */
		4E054FA71ED4E8CB0010A812 /* Errors.swift */ = {isa = PBXFileReference; fileEncoding = 4; lastKnownFileType = sourcecode.swift; path = Errors.swift; sourceTree = "<group>"; };
		4E6510CA1ED6BBD000A41F62 /* Register.swift */ = {isa = PBXFileReference; fileEncoding = 4; lastKnownFileType = sourcecode.swift; path = Register.swift; sourceTree = "<group>"; };
		4E80A3901ED5CC97002EBD85 /* connectionDB.swift */ = {isa = PBXFileReference; fileEncoding = 4; lastKnownFileType = sourcecode.swift; path = connectionDB.swift; sourceTree = "<group>"; };
		6F0CD0F71EA65B7D00933263 /* MyGarageApp.app */ = {isa = PBXFileReference; explicitFileType = wrapper.application; includeInIndex = 0; path = MyGarageApp.app; sourceTree = BUILT_PRODUCTS_DIR; };
		6F0CD0FA1EA65B7D00933263 /* AppDelegate.swift */ = {isa = PBXFileReference; lastKnownFileType = sourcecode.swift; path = AppDelegate.swift; sourceTree = "<group>"; };
		6F0CD0FC1EA65B7D00933263 /* ViewController.swift */ = {isa = PBXFileReference; lastKnownFileType = sourcecode.swift; path = ViewController.swift; sourceTree = "<group>"; };
		6F0CD0FF1EA65B7D00933263 /* Base */ = {isa = PBXFileReference; lastKnownFileType = file.storyboard; name = Base; path = Base.lproj/Main.storyboard; sourceTree = "<group>"; };
		6F0CD1011EA65B7D00933263 /* Assets.xcassets */ = {isa = PBXFileReference; lastKnownFileType = folder.assetcatalog; path = Assets.xcassets; sourceTree = "<group>"; };
		6F0CD1041EA65B7D00933263 /* Base */ = {isa = PBXFileReference; lastKnownFileType = file.storyboard; name = Base; path = Base.lproj/LaunchScreen.storyboard; sourceTree = "<group>"; };
		6F0CD1061EA65B7D00933263 /* Info.plist */ = {isa = PBXFileReference; lastKnownFileType = text.plist.xml; path = Info.plist; sourceTree = "<group>"; };
		6F0CD10B1EA65B7D00933263 /* MyGarageAppTests.xctest */ = {isa = PBXFileReference; explicitFileType = wrapper.cfbundle; includeInIndex = 0; path = MyGarageAppTests.xctest; sourceTree = BUILT_PRODUCTS_DIR; };
		6F0CD10F1EA65B7D00933263 /* MyGarageAppTests.swift */ = {isa = PBXFileReference; lastKnownFileType = sourcecode.swift; path = MyGarageAppTests.swift; sourceTree = "<group>"; };
		6F0CD1111EA65B7D00933263 /* Info.plist */ = {isa = PBXFileReference; lastKnownFileType = text.plist.xml; path = Info.plist; sourceTree = "<group>"; };
		6F8AA40B1F0B89FD00E999A0 /* StatusManager.swift */ = {isa = PBXFileReference; fileEncoding = 4; lastKnownFileType = sourcecode.swift; path = StatusManager.swift; sourceTree = "<group>"; };
		6FA0D1DB1ED46C2100B62F4C /* Autentication.swift */ = {isa = PBXFileReference; fileEncoding = 4; lastKnownFileType = sourcecode.swift; path = Autentication.swift; sourceTree = "<group>"; };
		6FE8EF741F02A01D009A5699 /* ListOfCarsController.swift */ = {isa = PBXFileReference; fileEncoding = 4; lastKnownFileType = sourcecode.swift; path = ListOfCarsController.swift; sourceTree = "<group>"; };
		6FE8EF781F02B252009A5699 /* AutoViewCell.swift */ = {isa = PBXFileReference; fileEncoding = 4; lastKnownFileType = sourcecode.swift; path = AutoViewCell.swift; sourceTree = "<group>"; };
		84258F271F8CE7D8002D1CAC /* Extension.swift */ = {isa = PBXFileReference; lastKnownFileType = sourcecode.swift; path = Extension.swift; sourceTree = "<group>"; };
		844445561FB07B240055851C /* WebKitViewController.swift */ = {isa = PBXFileReference; lastKnownFileType = sourcecode.swift; path = WebKitViewController.swift; sourceTree = "<group>"; };
		84466A731F7965E700D4CCD3 /* AddVehicle.swift */ = {isa = PBXFileReference; lastKnownFileType = sourcecode.swift; path = AddVehicle.swift; sourceTree = "<group>"; };
		845045BE1F89AA36004602A7 /* MapView.swift */ = {isa = PBXFileReference; lastKnownFileType = sourcecode.swift; path = MapView.swift; sourceTree = "<group>"; };
		8451B3DB1F73257F00783BF5 /* openDataSoftDB.swift */ = {isa = PBXFileReference; lastKnownFileType = sourcecode.swift; path = openDataSoftDB.swift; sourceTree = "<group>"; };
		8468A5B11FAF39460033E4D9 /* PopUpViewController.swift */ = {isa = PBXFileReference; lastKnownFileType = sourcecode.swift; path = PopUpViewController.swift; sourceTree = "<group>"; };
		8468A5BA1FAF6D040033E4D9 /* Realm.framework */ = {isa = PBXFileReference; lastKnownFileType = wrapper.framework; path = Realm.framework; sourceTree = "<group>"; };
		8468A5BB1FAF6D050033E4D9 /* RealmSwift.framework */ = {isa = PBXFileReference; lastKnownFileType = wrapper.framework; path = RealmSwift.framework; sourceTree = "<group>"; };
		847002A41F8A2C9900CCC903 /* MapKit.framework */ = {isa = PBXFileReference; lastKnownFileType = wrapper.framework; name = MapKit.framework; path = System/Library/Frameworks/MapKit.framework; sourceTree = SDKROOT; };
		847D6B891FAF851E0045373E /* RealmTaskAutoTableVC.swift */ = {isa = PBXFileReference; lastKnownFileType = sourcecode.swift; path = RealmTaskAutoTableVC.swift; sourceTree = "<group>"; };
		84A89B0E1F8EDE8000622D30 /* FirstViewOfSideMenuController.swift */ = {isa = PBXFileReference; lastKnownFileType = sourcecode.swift; path = FirstViewOfSideMenuController.swift; sourceTree = "<group>"; };
		84A89B101F8EDE9800622D30 /* SecondViewOfSideMenuController.swift */ = {isa = PBXFileReference; lastKnownFileType = sourcecode.swift; path = SecondViewOfSideMenuController.swift; sourceTree = "<group>"; };
		84A89B121F8EDEAB00622D30 /* ENSideMenu.swift */ = {isa = PBXFileReference; lastKnownFileType = sourcecode.swift; path = ENSideMenu.swift; sourceTree = "<group>"; };
		84A89B141F8EDEC300622D30 /* ENSideMenuViewController.swift */ = {isa = PBXFileReference; lastKnownFileType = sourcecode.swift; path = ENSideMenuViewController.swift; sourceTree = "<group>"; };
		84A89B161F8EDEDF00622D30 /* MyMenuTableController.swift */ = {isa = PBXFileReference; lastKnownFileType = sourcecode.swift; path = MyMenuTableController.swift; sourceTree = "<group>"; };
		84A89B181F8EDEF200622D30 /* MyNavigationController.swift */ = {isa = PBXFileReference; lastKnownFileType = sourcecode.swift; path = MyNavigationController.swift; sourceTree = "<group>"; };
		84BB3FDC1F75386300BE712D /* AllVehicles.swift */ = {isa = PBXFileReference; lastKnownFileType = sourcecode.swift; path = AllVehicles.swift; sourceTree = "<group>"; };
		84C0B40C1F8B831700DA019B /* ImageCropperViewController.swift */ = {isa = PBXFileReference; lastKnownFileType = sourcecode.swift; path = ImageCropperViewController.swift; sourceTree = "<group>"; };
		84CE9AEB1FB11E4700E13EFF /* CustomNavigationAnimationController.swift */ = {isa = PBXFileReference; lastKnownFileType = sourcecode.swift; path = CustomNavigationAnimationController.swift; sourceTree = "<group>"; };
		84CE9AED1FB12BD000E13EFF /* CustomDismissAnimationController.swift */ = {isa = PBXFileReference; lastKnownFileType = sourcecode.swift; path = CustomDismissAnimationController.swift; sourceTree = "<group>"; };
		84ECB4F41F957452003495C3 /* Auto.swift */ = {isa = PBXFileReference; lastKnownFileType = sourcecode.swift; path = Auto.swift; sourceTree = "<group>"; };
/* End PBXFileReference section */

/* Begin PBXFrameworksBuildPhase section */
		6F0CD0F41EA65B7D00933263 /* Frameworks */ = {
			isa = PBXFrameworksBuildPhase;
			buildActionMask = 2147483647;
			files = (
				8468A5BC1FAF6D050033E4D9 /* Realm.framework in Frameworks */,
				847002A51F8A2C9900CCC903 /* MapKit.framework in Frameworks */,
				8468A5BE1FAF6D050033E4D9 /* RealmSwift.framework in Frameworks */,
			);
			runOnlyForDeploymentPostprocessing = 0;
		};
		6F0CD1081EA65B7D00933263 /* Frameworks */ = {
			isa = PBXFrameworksBuildPhase;
			buildActionMask = 2147483647;
			files = (
			);
			runOnlyForDeploymentPostprocessing = 0;
		};
/* End PBXFrameworksBuildPhase section */

/* Begin PBXGroup section */
		4E31EB9A1ED5D85100FF8F8C /* Frameworks */ = {
			isa = PBXGroup;
			children = (
				847002A41F8A2C9900CCC903 /* MapKit.framework */,
			);
			name = Frameworks;
			sourceTree = "<group>";
		};
		6F0CD0EE1EA65B7D00933263 = {
			isa = PBXGroup;
			children = (
				8468A5BA1FAF6D040033E4D9 /* Realm.framework */,
				8468A5BB1FAF6D050033E4D9 /* RealmSwift.framework */,
				6F0CD0F91EA65B7D00933263 /* MyGarageApp */,
				6F0CD10E1EA65B7D00933263 /* MyGarageAppTests */,
				6F0CD0F81EA65B7D00933263 /* Products */,
				4E31EB9A1ED5D85100FF8F8C /* Frameworks */,
			);
			sourceTree = "<group>";
		};
		6F0CD0F81EA65B7D00933263 /* Products */ = {
			isa = PBXGroup;
			children = (
				6F0CD0F71EA65B7D00933263 /* MyGarageApp.app */,
				6F0CD10B1EA65B7D00933263 /* MyGarageAppTests.xctest */,
			);
			name = Products;
			sourceTree = "<group>";
		};
		6F0CD0F91EA65B7D00933263 /* MyGarageApp */ = {
			isa = PBXGroup;
			children = (
				6F0CD0FA1EA65B7D00933263 /* AppDelegate.swift */,
				6F0CD0FE1EA65B7D00933263 /* Main.storyboard */,
				845045C01F89AA46004602A7 /* Login */,
				845045C11F89AA70004602A7 /* List Of Cars */,
				847002A61F8A3A3F00CCC903 /* Cars From Json */,
				84466A731F7965E700D4CCD3 /* AddVehicle.swift */,
				84C0B40C1F8B831700DA019B /* ImageCropperViewController.swift */,
				845045BE1F89AA36004602A7 /* MapView.swift */,
				8468A5AC1FAF295B0033E4D9 /* Side Bar View Class */,
				84A89B0D1F8EDE5600622D30 /* SideBar */,
				84ECB4F31F957436003495C3 /* Other Class */,
				845045C21F89AAC4004602A7 /* Connection Class */,
				6F8AA40B1F0B89FD00E999A0 /* StatusManager.swift */,
				4E054FA71ED4E8CB0010A812 /* Errors.swift */,
				84258F271F8CE7D8002D1CAC /* Extension.swift */,
				6F0CD1011EA65B7D00933263 /* Assets.xcassets */,
				6F0CD1031EA65B7D00933263 /* LaunchScreen.storyboard */,
				6F0CD1061EA65B7D00933263 /* Info.plist */,
			);
			path = MyGarageApp;
			sourceTree = "<group>";
		};
		6F0CD10E1EA65B7D00933263 /* MyGarageAppTests */ = {
			isa = PBXGroup;
			children = (
				6F0CD10F1EA65B7D00933263 /* MyGarageAppTests.swift */,
				6F0CD1111EA65B7D00933263 /* Info.plist */,
			);
			path = MyGarageAppTests;
			sourceTree = "<group>";
		};
		845045C01F89AA46004602A7 /* Login */ = {
			isa = PBXGroup;
			children = (
				6F0CD0FC1EA65B7D00933263 /* ViewController.swift */,
				4E6510CA1ED6BBD000A41F62 /* Register.swift */,
				84CE9AEB1FB11E4700E13EFF /* CustomNavigationAnimationController.swift */,
				84CE9AED1FB12BD000E13EFF /* CustomDismissAnimationController.swift */,
			);
			path = Login;
			sourceTree = "<group>";
		};
		845045C11F89AA70004602A7 /* List Of Cars */ = {
			isa = PBXGroup;
			children = (
				6FE8EF741F02A01D009A5699 /* ListOfCarsController.swift */,
				6FE8EF781F02B252009A5699 /* AutoViewCell.swift */,
			);
			path = "List Of Cars";
			sourceTree = "<group>";
		};
		845045C21F89AAC4004602A7 /* Connection Class */ = {
			isa = PBXGroup;
			children = (
				6FA0D1DB1ED46C2100B62F4C /* Autentication.swift */,
				4E80A3901ED5CC97002EBD85 /* connectionDB.swift */,
				8451B3DB1F73257F00783BF5 /* openDataSoftDB.swift */,
			);
			path = "Connection Class";
			sourceTree = "<group>";
		};
		8468A5AC1FAF295B0033E4D9 /* Side Bar View Class */ = {
			isa = PBXGroup;
			children = (
				847D6B891FAF851E0045373E /* RealmTaskAutoTableVC.swift */,
				8468A5B11FAF39460033E4D9 /* PopUpViewController.swift */,
				844445561FB07B240055851C /* WebKitViewController.swift */,
			);
			path = "Side Bar View Class";
			sourceTree = "<group>";
		};
		847002A61F8A3A3F00CCC903 /* Cars From Json */ = {
			isa = PBXGroup;
			children = (
				84BB3FDC1F75386300BE712D /* AllVehicles.swift */,
			);
			path = "Cars From Json";
			sourceTree = "<group>";
		};
		84A89B0D1F8EDE5600622D30 /* SideBar */ = {
			isa = PBXGroup;
			children = (
				84A89B0E1F8EDE8000622D30 /* FirstViewOfSideMenuController.swift */,
				84A89B101F8EDE9800622D30 /* SecondViewOfSideMenuController.swift */,
				84A89B121F8EDEAB00622D30 /* ENSideMenu.swift */,
				84A89B141F8EDEC300622D30 /* ENSideMenuViewController.swift */,
				84A89B161F8EDEDF00622D30 /* MyMenuTableController.swift */,
				84A89B181F8EDEF200622D30 /* MyNavigationController.swift */,
			);
			path = SideBar;
			sourceTree = "<group>";
		};
		84ECB4F31F957436003495C3 /* Other Class */ = {
			isa = PBXGroup;
			children = (
				84ECB4F41F957452003495C3 /* Auto.swift */,
			);
			path = "Other Class";
			sourceTree = "<group>";
		};
/* End PBXGroup section */

/* Begin PBXNativeTarget section */
		6F0CD0F61EA65B7D00933263 /* MyGarageApp */ = {
			isa = PBXNativeTarget;
			buildConfigurationList = 6F0CD1141EA65B7D00933263 /* Build configuration list for PBXNativeTarget "MyGarageApp" */;
			buildPhases = (
				6F0CD0F31EA65B7D00933263 /* Sources */,
				6F0CD0F41EA65B7D00933263 /* Frameworks */,
				6F0CD0F51EA65B7D00933263 /* Resources */,
				8468A5C01FAF6D050033E4D9 /* Embed Frameworks */,
			);
			buildRules = (
			);
			dependencies = (
			);
			name = MyGarageApp;
			productName = MyGarageApp;
			productReference = 6F0CD0F71EA65B7D00933263 /* MyGarageApp.app */;
			productType = "com.apple.product-type.application";
		};
		6F0CD10A1EA65B7D00933263 /* MyGarageAppTests */ = {
			isa = PBXNativeTarget;
			buildConfigurationList = 6F0CD1171EA65B7D00933263 /* Build configuration list for PBXNativeTarget "MyGarageAppTests" */;
			buildPhases = (
				6F0CD1071EA65B7D00933263 /* Sources */,
				6F0CD1081EA65B7D00933263 /* Frameworks */,
				6F0CD1091EA65B7D00933263 /* Resources */,
			);
			buildRules = (
			);
			dependencies = (
				6F0CD10D1EA65B7D00933263 /* PBXTargetDependency */,
			);
			name = MyGarageAppTests;
			productName = MyGarageAppTests;
			productReference = 6F0CD10B1EA65B7D00933263 /* MyGarageAppTests.xctest */;
			productType = "com.apple.product-type.bundle.unit-test";
		};
/* End PBXNativeTarget section */

/* Begin PBXProject section */
		6F0CD0EF1EA65B7D00933263 /* Project object */ = {
			isa = PBXProject;
			attributes = {
				LastSwiftUpdateCheck = 0810;
				LastUpgradeCheck = 0900;
				ORGANIZATIONNAME = "Stefano Pedroli";
				TargetAttributes = {
					6F0CD0F61EA65B7D00933263 = {
						CreatedOnToolsVersion = 8.1;
						DevelopmentTeam = 5DWCT5WE3D;
						LastSwiftMigration = 0900;
						ProvisioningStyle = Automatic;
						SystemCapabilities = {
							com.apple.Maps.iOS = {
								enabled = 1;
							};
						};
					};
					6F0CD10A1EA65B7D00933263 = {
						CreatedOnToolsVersion = 8.1;
						LastSwiftMigration = 0900;
						ProvisioningStyle = Automatic;
						TestTargetID = 6F0CD0F61EA65B7D00933263;
					};
				};
			};
			buildConfigurationList = 6F0CD0F21EA65B7D00933263 /* Build configuration list for PBXProject "MyGarageApp" */;
			compatibilityVersion = "Xcode 3.2";
			developmentRegion = English;
			hasScannedForEncodings = 0;
			knownRegions = (
				en,
				Base,
			);
			mainGroup = 6F0CD0EE1EA65B7D00933263;
			productRefGroup = 6F0CD0F81EA65B7D00933263 /* Products */;
			projectDirPath = "";
			projectRoot = "";
			targets = (
				6F0CD0F61EA65B7D00933263 /* MyGarageApp */,
				6F0CD10A1EA65B7D00933263 /* MyGarageAppTests */,
			);
		};
/* End PBXProject section */

/* Begin PBXResourcesBuildPhase section */
		6F0CD0F51EA65B7D00933263 /* Resources */ = {
			isa = PBXResourcesBuildPhase;
			buildActionMask = 2147483647;
			files = (
				6F0CD1051EA65B7D00933263 /* LaunchScreen.storyboard in Resources */,
				6F0CD1021EA65B7D00933263 /* Assets.xcassets in Resources */,
				6F0CD1001EA65B7D00933263 /* Main.storyboard in Resources */,
			);
			runOnlyForDeploymentPostprocessing = 0;
		};
		6F0CD1091EA65B7D00933263 /* Resources */ = {
			isa = PBXResourcesBuildPhase;
			buildActionMask = 2147483647;
			files = (
			);
			runOnlyForDeploymentPostprocessing = 0;
		};
/* End PBXResourcesBuildPhase section */

/* Begin PBXSourcesBuildPhase section */
		6F0CD0F31EA65B7D00933263 /* Sources */ = {
			isa = PBXSourcesBuildPhase;
			buildActionMask = 2147483647;
			files = (
				4E80A3911ED5CC97002EBD85 /* connectionDB.swift in Sources */,
				6F8AA40C1F0B89FD00E999A0 /* StatusManager.swift in Sources */,
				84ECB4F51F957452003495C3 /* Auto.swift in Sources */,
				84C0B40D1F8B831700DA019B /* ImageCropperViewController.swift in Sources */,
				84258F281F8CE7D8002D1CAC /* Extension.swift in Sources */,
				84A89B0F1F8EDE8000622D30 /* FirstViewOfSideMenuController.swift in Sources */,
				84CE9AEE1FB12BD000E13EFF /* CustomDismissAnimationController.swift in Sources */,
				84A89B171F8EDEDF00622D30 /* MyMenuTableController.swift in Sources */,
				8468A5B21FAF39460033E4D9 /* PopUpViewController.swift in Sources */,
				844445571FB07B240055851C /* WebKitViewController.swift in Sources */,
				6FE8EF791F02B252009A5699 /* AutoViewCell.swift in Sources */,
				84A89B131F8EDEAB00622D30 /* ENSideMenu.swift in Sources */,
				4E054FA81ED4E8CB0010A812 /* Errors.swift in Sources */,
				845045BF1F89AA36004602A7 /* MapView.swift in Sources */,
				4E6510CB1ED6BBD000A41F62 /* Register.swift in Sources */,
				84466A741F7965E700D4CCD3 /* AddVehicle.swift in Sources */,
				8451B3DC1F73257F00783BF5 /* openDataSoftDB.swift in Sources */,
				6FE8EF751F02A01D009A5699 /* ListOfCarsController.swift in Sources */,
				84CE9AEC1FB11E4700E13EFF /* CustomNavigationAnimationController.swift in Sources */,
				84BB3FDD1F75386300BE712D /* AllVehicles.swift in Sources */,
				6F0CD0FD1EA65B7D00933263 /* ViewController.swift in Sources */,
				6FA0D1DC1ED46C2100B62F4C /* Autentication.swift in Sources */,
				84A89B151F8EDEC300622D30 /* ENSideMenuViewController.swift in Sources */,
				84A89B191F8EDEF200622D30 /* MyNavigationController.swift in Sources */,
				847D6B8A1FAF851E0045373E /* RealmTaskAutoTableVC.swift in Sources */,
				6F0CD0FB1EA65B7D00933263 /* AppDelegate.swift in Sources */,
				84A89B111F8EDE9800622D30 /* SecondViewOfSideMenuController.swift in Sources */,
			);
			runOnlyForDeploymentPostprocessing = 0;
		};
		6F0CD1071EA65B7D00933263 /* Sources */ = {
			isa = PBXSourcesBuildPhase;
			buildActionMask = 2147483647;
			files = (
				6F0CD1101EA65B7D00933263 /* MyGarageAppTests.swift in Sources */,
			);
			runOnlyForDeploymentPostprocessing = 0;
		};
/* End PBXSourcesBuildPhase section */

/* Begin PBXTargetDependency section */
		6F0CD10D1EA65B7D00933263 /* PBXTargetDependency */ = {
			isa = PBXTargetDependency;
			target = 6F0CD0F61EA65B7D00933263 /* MyGarageApp */;
			targetProxy = 6F0CD10C1EA65B7D00933263 /* PBXContainerItemProxy */;
		};
/* End PBXTargetDependency section */

/* Begin PBXVariantGroup section */
		6F0CD0FE1EA65B7D00933263 /* Main.storyboard */ = {
			isa = PBXVariantGroup;
			children = (
				6F0CD0FF1EA65B7D00933263 /* Base */,
			);
			name = Main.storyboard;
			sourceTree = "<group>";
		};
		6F0CD1031EA65B7D00933263 /* LaunchScreen.storyboard */ = {
			isa = PBXVariantGroup;
			children = (
				6F0CD1041EA65B7D00933263 /* Base */,
			);
			name = LaunchScreen.storyboard;
			sourceTree = "<group>";
		};
/* End PBXVariantGroup section */

/* Begin XCBuildConfiguration section */
		6F0CD1121EA65B7D00933263 /* Debug */ = {
			isa = XCBuildConfiguration;
			buildSettings = {
				ALWAYS_SEARCH_USER_PATHS = NO;
				CLANG_ANALYZER_NONNULL = YES;
				CLANG_CXX_LANGUAGE_STANDARD = "gnu++0x";
				CLANG_CXX_LIBRARY = "libc++";
				CLANG_ENABLE_MODULES = YES;
				CLANG_ENABLE_OBJC_ARC = YES;
				CLANG_WARN_BLOCK_CAPTURE_AUTORELEASING = YES;
				CLANG_WARN_BOOL_CONVERSION = YES;
				CLANG_WARN_COMMA = YES;
				CLANG_WARN_CONSTANT_CONVERSION = YES;
				CLANG_WARN_DIRECT_OBJC_ISA_USAGE = YES_ERROR;
				CLANG_WARN_DOCUMENTATION_COMMENTS = YES;
				CLANG_WARN_EMPTY_BODY = YES;
				CLANG_WARN_ENUM_CONVERSION = YES;
				CLANG_WARN_INFINITE_RECURSION = YES;
				CLANG_WARN_INT_CONVERSION = YES;
				CLANG_WARN_NON_LITERAL_NULL_CONVERSION = YES;
				CLANG_WARN_OBJC_LITERAL_CONVERSION = YES;
				CLANG_WARN_OBJC_ROOT_CLASS = YES_ERROR;
				CLANG_WARN_RANGE_LOOP_ANALYSIS = YES;
				CLANG_WARN_STRICT_PROTOTYPES = YES;
				CLANG_WARN_SUSPICIOUS_MOVE = YES;
				CLANG_WARN_SUSPICIOUS_MOVES = YES;
				CLANG_WARN_UNREACHABLE_CODE = YES;
				CLANG_WARN__DUPLICATE_METHOD_MATCH = YES;
				"CODE_SIGN_IDENTITY[sdk=iphoneos*]" = "iPhone Developer";
				COPY_PHASE_STRIP = NO;
				DEBUG_INFORMATION_FORMAT = dwarf;
				ENABLE_STRICT_OBJC_MSGSEND = YES;
				ENABLE_TESTABILITY = YES;
				GCC_C_LANGUAGE_STANDARD = gnu99;
				GCC_DYNAMIC_NO_PIC = NO;
				GCC_NO_COMMON_BLOCKS = YES;
				GCC_OPTIMIZATION_LEVEL = 0;
				GCC_PREPROCESSOR_DEFINITIONS = (
					"DEBUG=1",
					"$(inherited)",
				);
				GCC_WARN_64_TO_32_BIT_CONVERSION = YES;
				GCC_WARN_ABOUT_RETURN_TYPE = YES_ERROR;
				GCC_WARN_UNDECLARED_SELECTOR = YES;
				GCC_WARN_UNINITIALIZED_AUTOS = YES_AGGRESSIVE;
				GCC_WARN_UNUSED_FUNCTION = YES;
				GCC_WARN_UNUSED_VARIABLE = YES;
				IPHONEOS_DEPLOYMENT_TARGET = 10.2;
				MTL_ENABLE_DEBUG_INFO = YES;
				ONLY_ACTIVE_ARCH = YES;
				SDKROOT = iphoneos;
				SWIFT_ACTIVE_COMPILATION_CONDITIONS = DEBUG;
				SWIFT_OPTIMIZATION_LEVEL = "-Onone";
			};
			name = Debug;
		};
		6F0CD1131EA65B7D00933263 /* Release */ = {
			isa = XCBuildConfiguration;
			buildSettings = {
				ALWAYS_SEARCH_USER_PATHS = NO;
				CLANG_ANALYZER_NONNULL = YES;
				CLANG_CXX_LANGUAGE_STANDARD = "gnu++0x";
				CLANG_CXX_LIBRARY = "libc++";
				CLANG_ENABLE_MODULES = YES;
				CLANG_ENABLE_OBJC_ARC = YES;
				CLANG_WARN_BLOCK_CAPTURE_AUTORELEASING = YES;
				CLANG_WARN_BOOL_CONVERSION = YES;
				CLANG_WARN_COMMA = YES;
				CLANG_WARN_CONSTANT_CONVERSION = YES;
				CLANG_WARN_DIRECT_OBJC_ISA_USAGE = YES_ERROR;
				CLANG_WARN_DOCUMENTATION_COMMENTS = YES;
				CLANG_WARN_EMPTY_BODY = YES;
				CLANG_WARN_ENUM_CONVERSION = YES;
				CLANG_WARN_INFINITE_RECURSION = YES;
				CLANG_WARN_INT_CONVERSION = YES;
				CLANG_WARN_NON_LITERAL_NULL_CONVERSION = YES;
				CLANG_WARN_OBJC_LITERAL_CONVERSION = YES;
				CLANG_WARN_OBJC_ROOT_CLASS = YES_ERROR;
				CLANG_WARN_RANGE_LOOP_ANALYSIS = YES;
				CLANG_WARN_STRICT_PROTOTYPES = YES;
				CLANG_WARN_SUSPICIOUS_MOVE = YES;
				CLANG_WARN_SUSPICIOUS_MOVES = YES;
				CLANG_WARN_UNREACHABLE_CODE = YES;
				CLANG_WARN__DUPLICATE_METHOD_MATCH = YES;
				"CODE_SIGN_IDENTITY[sdk=iphoneos*]" = "iPhone Developer";
				COPY_PHASE_STRIP = NO;
				DEBUG_INFORMATION_FORMAT = "dwarf-with-dsym";
				ENABLE_NS_ASSERTIONS = NO;
				ENABLE_STRICT_OBJC_MSGSEND = YES;
				GCC_C_LANGUAGE_STANDARD = gnu99;
				GCC_NO_COMMON_BLOCKS = YES;
				GCC_WARN_64_TO_32_BIT_CONVERSION = YES;
				GCC_WARN_ABOUT_RETURN_TYPE = YES_ERROR;
				GCC_WARN_UNDECLARED_SELECTOR = YES;
				GCC_WARN_UNINITIALIZED_AUTOS = YES_AGGRESSIVE;
				GCC_WARN_UNUSED_FUNCTION = YES;
				GCC_WARN_UNUSED_VARIABLE = YES;
				IPHONEOS_DEPLOYMENT_TARGET = 10.2;
				MTL_ENABLE_DEBUG_INFO = NO;
				SDKROOT = iphoneos;
				SWIFT_OPTIMIZATION_LEVEL = "-Owholemodule";
				VALIDATE_PRODUCT = YES;
			};
			name = Release;
		};
		6F0CD1151EA65B7D00933263 /* Debug */ = {
			isa = XCBuildConfiguration;
			buildSettings = {
				ASSETCATALOG_COMPILER_APPICON_NAME = AppIcon;
				DEVELOPMENT_TEAM = 5DWCT5WE3D;
				FRAMEWORK_SEARCH_PATHS = (
					"$(inherited)",
					"$(PROJECT_DIR)",
				);
				INFOPLIST_FILE = MyGarageApp/Info.plist;
				IPHONEOS_DEPLOYMENT_TARGET = 10.2;
				LD_RUNPATH_SEARCH_PATHS = "$(inherited) @executable_path/Frameworks";
				PRODUCT_BUNDLE_IDENTIFIER = ITSPiemontWebMobile.MyGarageApp;
				PRODUCT_NAME = "$(TARGET_NAME)";
				SWIFT_SWIFT3_OBJC_INFERENCE = Default;
				SWIFT_VERSION = 4.0;
			};
			name = Debug;
		};
		6F0CD1161EA65B7D00933263 /* Release */ = {
			isa = XCBuildConfiguration;
			buildSettings = {
				ASSETCATALOG_COMPILER_APPICON_NAME = AppIcon;
				DEVELOPMENT_TEAM = 5DWCT5WE3D;
				FRAMEWORK_SEARCH_PATHS = (
					"$(inherited)",
					"$(PROJECT_DIR)",
				);
				INFOPLIST_FILE = MyGarageApp/Info.plist;
				IPHONEOS_DEPLOYMENT_TARGET = 10.2;
				LD_RUNPATH_SEARCH_PATHS = "$(inherited) @executable_path/Frameworks";
				PRODUCT_BUNDLE_IDENTIFIER = ITSPiemontWebMobile.MyGarageApp;
				PRODUCT_NAME = "$(TARGET_NAME)";
				SWIFT_SWIFT3_OBJC_INFERENCE = Default;
				SWIFT_VERSION = 4.0;
			};
			name = Release;
		};
		6F0CD1181EA65B7D00933263 /* Debug */ = {
			isa = XCBuildConfiguration;
			buildSettings = {
				ALWAYS_EMBED_SWIFT_STANDARD_LIBRARIES = YES;
				BUNDLE_LOADER = "$(TEST_HOST)";
				INFOPLIST_FILE = MyGarageAppTests/Info.plist;
				LD_RUNPATH_SEARCH_PATHS = "$(inherited) @executable_path/Frameworks @loader_path/Frameworks";
				PRODUCT_BUNDLE_IDENTIFIER = ITSPiemontWebMobile.MyGarageAppTests;
				PRODUCT_NAME = "$(TARGET_NAME)";
				SWIFT_SWIFT3_OBJC_INFERENCE = On;
				SWIFT_VERSION = 4.0;
				TEST_HOST = "$(BUILT_PRODUCTS_DIR)/MyGarageApp.app/MyGarageApp";
			};
			name = Debug;
		};
		6F0CD1191EA65B7D00933263 /* Release */ = {
			isa = XCBuildConfiguration;
			buildSettings = {
				ALWAYS_EMBED_SWIFT_STANDARD_LIBRARIES = YES;
				BUNDLE_LOADER = "$(TEST_HOST)";
				INFOPLIST_FILE = MyGarageAppTests/Info.plist;
				LD_RUNPATH_SEARCH_PATHS = "$(inherited) @executable_path/Frameworks @loader_path/Frameworks";
				PRODUCT_BUNDLE_IDENTIFIER = ITSPiemontWebMobile.MyGarageAppTests;
				PRODUCT_NAME = "$(TARGET_NAME)";
				SWIFT_SWIFT3_OBJC_INFERENCE = On;
				SWIFT_VERSION = 4.0;
				TEST_HOST = "$(BUILT_PRODUCTS_DIR)/MyGarageApp.app/MyGarageApp";
			};
			name = Release;
		};
/* End XCBuildConfiguration section */

/* Begin XCConfigurationList section */
		6F0CD0F21EA65B7D00933263 /* Build configuration list for PBXProject "MyGarageApp" */ = {
			isa = XCConfigurationList;
			buildConfigurations = (
				6F0CD1121EA65B7D00933263 /* Debug */,
				6F0CD1131EA65B7D00933263 /* Release */,
			);
			defaultConfigurationIsVisible = 0;
			defaultConfigurationName = Release;
		};
		6F0CD1141EA65B7D00933263 /* Build configuration list for PBXNativeTarget "MyGarageApp" */ = {
			isa = XCConfigurationList;
			buildConfigurations = (
				6F0CD1151EA65B7D00933263 /* Debug */,
				6F0CD1161EA65B7D00933263 /* Release */,
			);
			defaultConfigurationIsVisible = 0;
			defaultConfigurationName = Release;
		};
		6F0CD1171EA65B7D00933263 /* Build configuration list for PBXNativeTarget "MyGarageAppTests" */ = {
			isa = XCConfigurationList;
			buildConfigurations = (
				6F0CD1181EA65B7D00933263 /* Debug */,
				6F0CD1191EA65B7D00933263 /* Release */,
			);
			defaultConfigurationIsVisible = 0;
			defaultConfigurationName = Release;
		};
/* End XCConfigurationList section */
	};
	rootObject = 6F0CD0EF1EA65B7D00933263 /* Project object */;
}
